
Microsoft Visual Studio Solution File, Format Version 12.00
# Visual Studio 15
VisualStudioVersion = 15.0.26730.15
MinimumVisualStudioVersion = 10.0.40219.1
Project("{FAE04EC0-301F-11D3-BF4B-00C04F79EFBC}") = "MailChimpPOC", "MailChimpPOC\MailChimpPOC.csproj", "{78823AFE-4728-4252-B642-CC1F41C74897}"
EndProject
Global
	GlobalSection(SolutionConfigurationPlatforms) = preSolution
		Debug|Any CPU = Debug|Any CPU
		Release|Any CPU = Release|Any CPU
	EndGlobalSection
	GlobalSection(ProjectConfigurationPlatforms) = postSolution
		{78823AFE-4728-4252-B642-CC1F41C74897}.Debug|Any CPU.ActiveCfg = Debug|Any CPU
		{78823AFE-4728-4252-B642-CC1F41C74897}.Debug|Any CPU.Build.0 = Debug|Any CPU
		{78823AFE-4728-4252-B642-CC1F41C74897}.Release|Any CPU.ActiveCfg = Release|Any CPU
		{78823AFE-4728-4252-B642-CC1F41C74897}.Release|Any CPU.Build.0 = Release|Any CPU
	EndGlobalSection
	GlobalSection(SolutionProperties) = preSolution
		HideSolutionNode = FALSE
	EndGlobalSection
	GlobalSection(ExtensibilityGlobals) = postSolution
		SolutionGuid = {2438D910-D562-48F4-B7B5-B3CA728DA6CA}
	EndGlobalSection
EndGlobal
